Microsoft Visual Studio Solution File, Format Version 12.00
# Visual Studio Version 16
VisualStudioVersion = 16.0.0.0
MinimumVisualStudioVersion = 16.0.0.0
Project("{9A19103F-16F7-4668-BE54-9A1E7A4F7556}") = "DiyaKhanalChat.Server", "Server\DiyaKhanalChat.Server.csproj", "{1A62067B-CBCC-48C4-85D4-0B188745B2F2}"
EndProject
Project("{9A19103F-16F7-4668-BE54-9A1E7A4F7556}") = "DiyaKhanalChat.Client", "Client\DiyaKhanalChat.Client.csproj", "{D4ECF225-E83C-434F-B88D-7F6A40D88820}"
EndProject
Project("{9A19103F-16F7-4668-BE54-9A1E7A4F7556}") = "DiyaKhanalChat.Shared", "Shared\DiyaKhanalChat.Shared.csproj", "{9D4F1684-1659-4A93-BC35-AA53EE7F1B0C}"
EndProject
Global
	GlobalSection(SolutionConfigurationPlatforms) = preSolution
		Debug|Any CPU = Debug|Any CPU
		Debug|x64 = Debug|x64
		Debug|x86 = Debug|x86
		Release|Any CPU = Release|Any CPU
		Release|x64 = Release|x64
		Release|x86 = Release|x86
	EndGlobalSection
	GlobalSection(ProjectConfigurationPlatforms) = postSolution
		{D4ECF225-E83C-434F-B88D-7F6A40D88820}.Debug|Any CPU.ActiveCfg = Debug|Any CPU
		{D4ECF225-E83C-434F-B88D-7F6A40D88820}.Debug|Any CPU.Build.0 = Debug|Any CPU
		{D4ECF225-E83C-434F-B88D-7F6A40D88820}.Debug|x64.ActiveCfg = Debug|Any CPU
		{D4ECF225-E83C-434F-B88D-7F6A40D88820}.Debug|x64.Build.0 = Debug|Any CPU
		{D4ECF225-E83C-434F-B88D-7F6A40D88820}.Debug|x86.ActiveCfg = Debug|Any CPU
		{D4ECF225-E83C-434F-B88D-7F6A40D88820}.Debug|x86.Build.0 = Debug|Any CPU
		{D4ECF225-E83C-434F-B88D-7F6A40D88820}.Release|Any CPU.ActiveCfg = Release|Any CPU
		{D4ECF225-E83C-434F-B88D-7F6A40D88820}.Release|Any CPU.Build.0 = Release|Any CPU
		{D4ECF225-E83C-434F-B88D-7F6A40D88820}.Release|x64.ActiveCfg = Release|Any CPU
		{D4ECF225-E83C-434F-B88D-7F6A40D88820}.Release|x64.Build.0 = Release|Any CPU
		{D4ECF225-E83C-434F-B88D-7F6A40D88820}.Release|x86.ActiveCfg = Release|Any CPU
		{D4ECF225-E83C-434F-B88D-7F6A40D88820}.Release|x86.Build.0 = Release|Any CPU
		{1A62067B-CBCC-48C4-85D4-0B188745B2F2}.Debug|Any CPU.ActiveCfg = Debug|Any CPU
		{1A62067B-CBCC-48C4-85D4-0B188745B2F2}.Debug|Any CPU.Build.0 = Debug|Any CPU
		{1A62067B-CBCC-48C4-85D4-0B188745B2F2}.Debug|x64.ActiveCfg = Debug|Any CPU
		{1A62067B-CBCC-48C4-85D4-0B188745B2F2}.Debug|x64.Build.0 = Debug|Any CPU
		{1A62067B-CBCC-48C4-85D4-0B188745B2F2}.Debug|x86.ActiveCfg = Debug|Any CPU
		{1A62067B-CBCC-48C4-85D4-0B188745B2F2}.Debug|x86.Build.0 = Debug|Any CPU
		{1A62067B-CBCC-48C4-85D4-0B188745B2F2}.Release|Any CPU.ActiveCfg = Release|Any CPU
		{1A62067B-CBCC-48C4-85D4-0B188745B2F2}.Release|Any CPU.Build.0 = Release|Any CPU
		{1A62067B-CBCC-48C4-85D4-0B188745B2F2}.Release|x64.ActiveCfg = Release|Any CPU
		{1A62067B-CBCC-48C4-85D4-0B188745B2F2}.Release|x64.Build.0 = Release|Any CPU
		{1A62067B-CBCC-48C4-85D4-0B188745B2F2}.Release|x86.ActiveCfg = Release|Any CPU
		{1A62067B-CBCC-48C4-85D4-0B188745B2F2}.Release|x86.Build.0 = Release|Any CPU
		{9D4F1684-1659-4A93-BC35-AA53EE7F1B0C}.Debug|Any CPU.ActiveCfg = Debug|Any CPU
		{9D4F1684-1659-4A93-BC35-AA53EE7F1B0C}.Debug|Any CPU.Build.0 = Debug|Any CPU
		{9D4F1684-1659-4A93-BC35-AA53EE7F1B0C}.Debug|x64.ActiveCfg = Debug|Any CPU
		{9D4F1684-1659-4A93-BC35-AA53EE7F1B0C}.Debug|x64.Build.0 = Debug|Any CPU
		{9D4F1684-1659-4A93-BC35-AA53EE7F1B0C}.Debug|x86.ActiveCfg = Debug|Any CPU
		{9D4F1684-1659-4A93-BC35-AA53EE7F1B0C}.Debug|x86.Build.0 = Debug|Any CPU
		{9D4F1684-1659-4A93-BC35-AA53EE7F1B0C}.Release|Any CPU.ActiveCfg = Release|Any CPU
		{9D4F1684-1659-4A93-BC35-AA53EE7F1B0C}.Release|Any CPU.Build.0 = Release|Any CPU
		{9D4F1684-1659-4A93-BC35-AA53EE7F1B0C}.Release|x64.ActiveCfg = Release|Any CPU
		{9D4F1684-1659-4A93-BC35-AA53EE7F1B0C}.Release|x64.Build.0 = Release|Any CPU
		{9D4F1684-1659-4A93-BC35-AA53EE7F1B0C}.Release|x86.ActiveCfg = Release|Any CPU
		{9D4F1684-1659-4A93-BC35-AA53EE7F1B0C}.Release|x86.Build.0 = Release|Any CPU
	EndGlobalSection
	GlobalSection(SolutionProperties) = preSolution
		HideSolutionNode = FALSE
	EndGlobalSection
	GlobalSection(ExtensibilityGlobals) = postSolution
		SolutionGuid = {1113F815-2214-402A-ACA8-CD96C4AD4DC1}
	EndGlobalSection
EndGlobal